
Microsoft Visual Studio Solution File, Format Version 12.00
# Visual Studio Version 16
VisualStudioVersion = 16.0.31729.503
MinimumVisualStudioVersion = 10.0.40219.1
Project("{FAE04EC0-301F-11D3-BF4B-00C04F79EFBC}") = "Week15_Frozen", "Week15_Frozen\Week15_Frozen.csproj", "{121274DF-EEA7-400C-A3BF-21BEB144B5F7}"
EndProject
Global
	GlobalSection(SolutionConfigurationPlatforms) = preSolution
		Debug|Any CPU = Debug|Any CPU
		Release|Any CPU = Release|Any CPU
	EndGlobalSection
	GlobalSection(ProjectConfigurationPlatforms) = postSolution
		{121274DF-EEA7-400C-A3BF-21BEB144B5F7}.Debug|Any CPU.ActiveCfg = Debug|Any CPU
		{121274DF-EEA7-400C-A3BF-21BEB144B5F7}.Debug|Any CPU.Build.0 = Debug|Any CPU
		{121274DF-EEA7-400C-A3BF-21BEB144B5F7}.Release|Any CPU.ActiveCfg = Release|Any CPU
		{121274DF-EEA7-400C-A3BF-21BEB144B5F7}.Release|Any CPU.Build.0 = Release|Any CPU
	EndGlobalSection
	GlobalSection(SolutionProperties) = preSolution
		HideSolutionNode = FALSE
	EndGlobalSection
	GlobalSection(ExtensibilityGlobals) = postSolution
		SolutionGuid = {BEA1BDA5-FC4F-49D3-8F2A-EF8ADC50834F}
	EndGlobalSection
EndGlobal
